
Microsoft Visual Studio Solution File, Format Version 12.00
# Visual Studio Version 17
VisualStudioVersion = 17.14.36327.8 d17.14
MinimumVisualStudioVersion = 10.0.40219.1
Project("{FAE04EC0-301F-11D3-BF4B-00C04F79EFBC}") = "webdaga", "webdaga\webdaga.csproj", "{00AF1EF5-6B5F-4496-96D9-939EC7FAC3E7}"
EndProject
Global
	GlobalSection(SolutionConfigurationPlatforms) = preSolution
		Debug|Any CPU = Debug|Any CPU
		Release|Any CPU = Release|Any CPU
	EndGlobalSection
	GlobalSection(ProjectConfigurationPlatforms) = postSolution
		{00AF1EF5-6B5F-4496-96D9-939EC7FAC3E7}.Debug|Any CPU.ActiveCfg = Debug|Any CPU
		{00AF1EF5-6B5F-4496-96D9-939EC7FAC3E7}.Debug|Any CPU.Build.0 = Debug|Any CPU
		{00AF1EF5-6B5F-4496-96D9-939EC7FAC3E7}.Release|Any CPU.ActiveCfg = Release|Any CPU
		{00AF1EF5-6B5F-4496-96D9-939EC7FAC3E7}.Release|Any CPU.Build.0 = Release|Any CPU
	EndGlobalSection
	GlobalSection(SolutionProperties) = preSolution
		HideSolutionNode = FALSE
	EndGlobalSection
	GlobalSection(ExtensibilityGlobals) = postSolution
		SolutionGuid = {E3F48B0B-0482-4AD6-B4E7-1D763A794023}
	EndGlobalSection
EndGlobal
